# This file is automatically @generated by Cargo.
# It is not intended for manual editing.
version = 3

[[package]]
name = "bounded-integer"
version = "0.5.0"
source = "registry+https://github.com/rust-lang/crates.io-index"
checksum = "ac11abd38823833e68b8dcb7abc68c422f83f6781b2a7188f43b4a1d7388390c"

[[package]]
name = "rust_chess"
version = "0.1.0"
dependencies = [
 "bounded-integer",
]
